
Microsoft Visual Studio Solution File, Format Version 12.00
# Visual Studio Version 17
VisualStudioVersion = 17.3.32901.215
MinimumVisualStudioVersion = 10.0.40219.1
Project("{2150E333-8FDC-42A3-9474-1A3956D46DE8}") = "src", "src", "{F32666F8-62D6-44A7-8271-853732A6E38E}"
EndProject
Project("{2150E333-8FDC-42A3-9474-1A3956D46DE8}") = "Sample", "Sample", "{3264803D-D1BE-4FBA-B65F-A5C3EB94607B}"
EndProject
Project("{9A19103F-16F7-4668-BE54-9A1E7A4F7556}") = "PhlegmaticOne.MusicPlayers", "src\PhlegmaticOne.MusicPlayers\PhlegmaticOne.MusicPlayers.csproj", "{8EBB09C8-31C0-4C06-A48D-67989EE44668}"
EndProject
Project("{9A19103F-16F7-4668-BE54-9A1E7A4F7556}") = "PhlegmaticOne.MusicPlayers.Sample.Console", "Sample\PhlegmaticOne.MusicPlayers.Sample.Console\PhlegmaticOne.MusicPlayers.Sample.Console.csproj", "{02CF6977-C70B-4AB8-884A-FB3838F403AD}"
EndProject
Global
	GlobalSection(SolutionConfigurationPlatforms) = preSolution
		Debug|Any CPU = Debug|Any CPU
		Release|Any CPU = Release|Any CPU
	EndGlobalSection
	GlobalSection(ProjectConfigurationPlatforms) = postSolution
		{8EBB09C8-31C0-4C06-A48D-67989EE44668}.Debug|Any CPU.ActiveCfg = Debug|Any CPU
		{8EBB09C8-31C0-4C06-A48D-67989EE44668}.Debug|Any CPU.Build.0 = Debug|Any CPU
		{8EBB09C8-31C0-4C06-A48D-67989EE44668}.Release|Any CPU.ActiveCfg = Release|Any CPU
		{8EBB09C8-31C0-4C06-A48D-67989EE44668}.Release|Any CPU.Build.0 = Release|Any CPU
		{02CF6977-C70B-4AB8-884A-FB3838F403AD}.Debug|Any CPU.ActiveCfg = Debug|Any CPU
		{02CF6977-C70B-4AB8-884A-FB3838F403AD}.Debug|Any CPU.Build.0 = Debug|Any CPU
		{02CF6977-C70B-4AB8-884A-FB3838F403AD}.Release|Any CPU.ActiveCfg = Release|Any CPU
		{02CF6977-C70B-4AB8-884A-FB3838F403AD}.Release|Any CPU.Build.0 = Release|Any CPU
	EndGlobalSection
	GlobalSection(SolutionProperties) = preSolution
		HideSolutionNode = FALSE
	EndGlobalSection
	GlobalSection(NestedProjects) = preSolution
		{8EBB09C8-31C0-4C06-A48D-67989EE44668} = {F32666F8-62D6-44A7-8271-853732A6E38E}
		{02CF6977-C70B-4AB8-884A-FB3838F403AD} = {3264803D-D1BE-4FBA-B65F-A5C3EB94607B}
	EndGlobalSection
	GlobalSection(ExtensibilityGlobals) = postSolution
		SolutionGuid = {759457BC-724A-4DE8-858F-AF2012F02FA6}
	EndGlobalSection
EndGlobal
